
Microsoft Visual Studio Solution File, Format Version 12.00
# Visual Studio for Mac
Project("{FAE04EC0-301F-11D3-BF4B-00C04F79EFBC}") = "FoodEasyGoIOS_Unity5.4.3", "FoodEasyGoIOS_Unity5.4.3.csproj", "{48C89060-36AE-A674-4F30-645CC4A947A0}"
EndProject
Project("{FAE04EC0-301F-11D3-BF4B-00C04F79EFBC}") = "FoodEasyGoIOS_Unity5.4.3.Plugins", "FoodEasyGoIOS_Unity5.4.3.Plugins.csproj", "{01568FC6-4741-7FA8-47CD-2FB1A9575146}"
EndProject
Project("{FAE04EC0-301F-11D3-BF4B-00C04F79EFBC}") = "FoodEasyGoIOS_Unity5.4.3.Editor", "FoodEasyGoIOS_Unity5.4.3.Editor.csproj", "{F41EA079-C660-A3C6-FF1C-32A23F8FBE86}"
EndProject
Global
	GlobalSection(SolutionConfigurationPlatforms) = preSolution
		Debug|Any CPU = Debug|Any CPU
		Release|Any CPU = Release|Any CPU
	EndGlobalSection
	GlobalSection(ProjectConfigurationPlatforms) = postSolution
		{48C89060-36AE-A674-4F30-645CC4A947A0}.Debug|Any CPU.ActiveCfg = Debug|Any CPU
		{48C89060-36AE-A674-4F30-645CC4A947A0}.Debug|Any CPU.Build.0 = Debug|Any CPU
		{48C89060-36AE-A674-4F30-645CC4A947A0}.Release|Any CPU.ActiveCfg = Release|Any CPU
		{48C89060-36AE-A674-4F30-645CC4A947A0}.Release|Any CPU.Build.0 = Release|Any CPU
		{01568FC6-4741-7FA8-47CD-2FB1A9575146}.Debug|Any CPU.ActiveCfg = Debug|Any CPU
		{01568FC6-4741-7FA8-47CD-2FB1A9575146}.Debug|Any CPU.Build.0 = Debug|Any CPU
		{01568FC6-4741-7FA8-47CD-2FB1A9575146}.Release|Any CPU.ActiveCfg = Release|Any CPU
		{01568FC6-4741-7FA8-47CD-2FB1A9575146}.Release|Any CPU.Build.0 = Release|Any CPU
		{F41EA079-C660-A3C6-FF1C-32A23F8FBE86}.Debug|Any CPU.ActiveCfg = Debug|Any CPU
		{F41EA079-C660-A3C6-FF1C-32A23F8FBE86}.Debug|Any CPU.Build.0 = Debug|Any CPU
		{F41EA079-C660-A3C6-FF1C-32A23F8FBE86}.Release|Any CPU.ActiveCfg = Release|Any CPU
		{F41EA079-C660-A3C6-FF1C-32A23F8FBE86}.Release|Any CPU.Build.0 = Release|Any CPU
	EndGlobalSection
	GlobalSection(SolutionProperties) = preSolution
		HideSolutionNode = FALSE
	EndGlobalSection
EndGlobal
