
Microsoft Visual Studio Solution File, Format Version 12.00
# Visual Studio 2015
Project("{FAE04EC0-301F-11D3-BF4B-00C04F79EFBC}") = "FoodEasyGoIOS_Unity5.4.0.CSharp", "FoodEasyGoIOS_Unity5.4.0.CSharp.csproj", "{9278B6A2-66D1-9B53-43C2-D28AC8D68CFD}"
EndProject
Project("{FAE04EC0-301F-11D3-BF4B-00C04F79EFBC}") = "FoodEasyGoIOS_Unity5.4.0.CSharp.Editor", "FoodEasyGoIOS_Unity5.4.0.CSharp.Editor.csproj", "{5403B4D3-4C49-2669-37DF-40B617336B9D}"
EndProject
Global
	GlobalSection(SolutionConfigurationPlatforms) = preSolution
		Debug|Any CPU = Debug|Any CPU
		Release|Any CPU = Release|Any CPU
	EndGlobalSection
	GlobalSection(ProjectConfigurationPlatforms) = postSolution
		{9278B6A2-66D1-9B53-43C2-D28AC8D68CFD}.Debug|Any CPU.ActiveCfg = Debug|Any CPU
		{9278B6A2-66D1-9B53-43C2-D28AC8D68CFD}.Debug|Any CPU.Build.0 = Debug|Any CPU
		{9278B6A2-66D1-9B53-43C2-D28AC8D68CFD}.Release|Any CPU.ActiveCfg = Release|Any CPU
		{9278B6A2-66D1-9B53-43C2-D28AC8D68CFD}.Release|Any CPU.Build.0 = Release|Any CPU
		{5403B4D3-4C49-2669-37DF-40B617336B9D}.Debug|Any CPU.ActiveCfg = Debug|Any CPU
		{5403B4D3-4C49-2669-37DF-40B617336B9D}.Debug|Any CPU.Build.0 = Debug|Any CPU
		{5403B4D3-4C49-2669-37DF-40B617336B9D}.Release|Any CPU.ActiveCfg = Release|Any CPU
		{5403B4D3-4C49-2669-37DF-40B617336B9D}.Release|Any CPU.Build.0 = Release|Any CPU
	EndGlobalSection
	GlobalSection(SolutionProperties) = preSolution
		HideSolutionNode = FALSE
	EndGlobalSection
EndGlobal
