
Microsoft Visual Studio Solution File, Format Version 12.00
# Visual Studio for Mac
Project("{FAE04EC0-301F-11D3-BF4B-00C04F79EFBC}") = "FoodEasyGoIOS_Unity2017", "FoodEasyGoIOS_Unity2017.csproj", "{96D694EA-F372-4C6A-1CEC-9A368C9D4875}"
EndProject
Project("{FAE04EC0-301F-11D3-BF4B-00C04F79EFBC}") = "FoodEasyGoIOS_Unity2017.Plugins", "FoodEasyGoIOS_Unity2017.Plugins.csproj", "{55071854-B9FB-BF67-25EB-0DD7E4C31AB5}"
EndProject
Project("{FAE04EC0-301F-11D3-BF4B-00C04F79EFBC}") = "FoodEasyGoIOS_Unity2017.Editor", "FoodEasyGoIOS_Unity2017.Editor.csproj", "{63E0BA55-79D8-02B6-F410-A030735B4487}"
EndProject
Global
	GlobalSection(SolutionConfigurationPlatforms) = preSolution
		Debug|Any CPU = Debug|Any CPU
		Release|Any CPU = Release|Any CPU
	EndGlobalSection
	GlobalSection(ProjectConfigurationPlatforms) = postSolution
		{96D694EA-F372-4C6A-1CEC-9A368C9D4875}.Debug|Any CPU.ActiveCfg = Debug|Any CPU
		{96D694EA-F372-4C6A-1CEC-9A368C9D4875}.Debug|Any CPU.Build.0 = Debug|Any CPU
		{96D694EA-F372-4C6A-1CEC-9A368C9D4875}.Release|Any CPU.ActiveCfg = Release|Any CPU
		{96D694EA-F372-4C6A-1CEC-9A368C9D4875}.Release|Any CPU.Build.0 = Release|Any CPU
		{55071854-B9FB-BF67-25EB-0DD7E4C31AB5}.Debug|Any CPU.ActiveCfg = Debug|Any CPU
		{55071854-B9FB-BF67-25EB-0DD7E4C31AB5}.Debug|Any CPU.Build.0 = Debug|Any CPU
		{55071854-B9FB-BF67-25EB-0DD7E4C31AB5}.Release|Any CPU.ActiveCfg = Release|Any CPU
		{55071854-B9FB-BF67-25EB-0DD7E4C31AB5}.Release|Any CPU.Build.0 = Release|Any CPU
		{63E0BA55-79D8-02B6-F410-A030735B4487}.Debug|Any CPU.ActiveCfg = Debug|Any CPU
		{63E0BA55-79D8-02B6-F410-A030735B4487}.Debug|Any CPU.Build.0 = Debug|Any CPU
		{63E0BA55-79D8-02B6-F410-A030735B4487}.Release|Any CPU.ActiveCfg = Release|Any CPU
		{63E0BA55-79D8-02B6-F410-A030735B4487}.Release|Any CPU.Build.0 = Release|Any CPU
	EndGlobalSection
	GlobalSection(SolutionProperties) = preSolution
		HideSolutionNode = FALSE
	EndGlobalSection
EndGlobal
